
Microsoft Visual Studio Solution File, Format Version 12.00
# Visual Studio Version 16
VisualStudioVersion = 16.0.31025.194
MinimumVisualStudioVersion = 10.0.40219.1
Project("{FAE04EC0-301F-11D3-BF4B-00C04F79EFBC}") = "CMS.WebApi", "CMS.WebApi\CMS.WebApi.csproj", "{280C035D-1EC9-4E2C-9AF0-AC7C6D31D782}"
EndProject
Project("{FAE04EC0-301F-11D3-BF4B-00C04F79EFBC}") = "CMS.MVC", "CMS.MVC\CMS.MVC.csproj", "{759207F2-E151-4696-90E9-0634D3FFA33D}"
EndProject
Project("{FAE04EC0-301F-11D3-BF4B-00C04F79EFBC}") = "CMS.BL", "CMS.BL\CMS.BL.csproj", "{6C43A8AE-A717-4695-B1F3-72BD1EB69DC3}"
EndProject
Project("{FAE04EC0-301F-11D3-BF4B-00C04F79EFBC}") = "CMS.DAL", "CMS.DAL\CMS.DAL.csproj", "{FB0E10A1-26D1-4A7F-BB6E-145BE2F3BA09}"
EndProject
Project("{FAE04EC0-301F-11D3-BF4B-00C04F79EFBC}") = "CMS.Entities", "CMS.Entities\CMS.Entities.csproj", "{86A977B5-126D-47C9-8AB3-CEA4B1CB126B}"
EndProject
Project("{FAE04EC0-301F-11D3-BF4B-00C04F79EFBC}") = "CMS.Exceptions", "CMS.Exceptions\CMS.Exceptions.csproj", "{96B56ED0-47A6-42FF-AD81-30BE279871B9}"
EndProject
Project("{FAE04EC0-301F-11D3-BF4B-00C04F79EFBC}") = "MailService", "MailService\MailService.csproj", "{4D680CCB-E7AB-4FC4-81BE-5C28C195800F}"
EndProject
Project("{FAE04EC0-301F-11D3-BF4B-00C04F79EFBC}") = "ReminderForPassword", "ReminderForPassword\ReminderForPassword.csproj", "{8EE016CD-CC21-4236-9AA1-A4DC35B776D1}"
EndProject
Global
	GlobalSection(SolutionConfigurationPlatforms) = preSolution
		Debug|Any CPU = Debug|Any CPU
		Release|Any CPU = Release|Any CPU
	EndGlobalSection
	GlobalSection(ProjectConfigurationPlatforms) = postSolution
		{280C035D-1EC9-4E2C-9AF0-AC7C6D31D782}.Debug|Any CPU.ActiveCfg = Debug|Any CPU
		{280C035D-1EC9-4E2C-9AF0-AC7C6D31D782}.Debug|Any CPU.Build.0 = Debug|Any CPU
		{280C035D-1EC9-4E2C-9AF0-AC7C6D31D782}.Release|Any CPU.ActiveCfg = Release|Any CPU
		{280C035D-1EC9-4E2C-9AF0-AC7C6D31D782}.Release|Any CPU.Build.0 = Release|Any CPU
		{759207F2-E151-4696-90E9-0634D3FFA33D}.Debug|Any CPU.ActiveCfg = Debug|Any CPU
		{759207F2-E151-4696-90E9-0634D3FFA33D}.Debug|Any CPU.Build.0 = Debug|Any CPU
		{759207F2-E151-4696-90E9-0634D3FFA33D}.Release|Any CPU.ActiveCfg = Release|Any CPU
		{759207F2-E151-4696-90E9-0634D3FFA33D}.Release|Any CPU.Build.0 = Release|Any CPU
		{6C43A8AE-A717-4695-B1F3-72BD1EB69DC3}.Debug|Any CPU.ActiveCfg = Debug|Any CPU
		{6C43A8AE-A717-4695-B1F3-72BD1EB69DC3}.Debug|Any CPU.Build.0 = Debug|Any CPU
		{6C43A8AE-A717-4695-B1F3-72BD1EB69DC3}.Release|Any CPU.ActiveCfg = Release|Any CPU
		{6C43A8AE-A717-4695-B1F3-72BD1EB69DC3}.Release|Any CPU.Build.0 = Release|Any CPU
		{FB0E10A1-26D1-4A7F-BB6E-145BE2F3BA09}.Debug|Any CPU.ActiveCfg = Debug|Any CPU
		{FB0E10A1-26D1-4A7F-BB6E-145BE2F3BA09}.Debug|Any CPU.Build.0 = Debug|Any CPU
		{FB0E10A1-26D1-4A7F-BB6E-145BE2F3BA09}.Release|Any CPU.ActiveCfg = Release|Any CPU
		{FB0E10A1-26D1-4A7F-BB6E-145BE2F3BA09}.Release|Any CPU.Build.0 = Release|Any CPU
		{86A977B5-126D-47C9-8AB3-CEA4B1CB126B}.Debug|Any CPU.ActiveCfg = Debug|Any CPU
		{86A977B5-126D-47C9-8AB3-CEA4B1CB126B}.Debug|Any CPU.Build.0 = Debug|Any CPU
		{86A977B5-126D-47C9-8AB3-CEA4B1CB126B}.Release|Any CPU.ActiveCfg = Release|Any CPU
		{86A977B5-126D-47C9-8AB3-CEA4B1CB126B}.Release|Any CPU.Build.0 = Release|Any CPU
		{96B56ED0-47A6-42FF-AD81-30BE279871B9}.Debug|Any CPU.ActiveCfg = Debug|Any CPU
		{96B56ED0-47A6-42FF-AD81-30BE279871B9}.Debug|Any CPU.Build.0 = Debug|Any CPU
		{96B56ED0-47A6-42FF-AD81-30BE279871B9}.Release|Any CPU.ActiveCfg = Release|Any CPU
		{96B56ED0-47A6-42FF-AD81-30BE279871B9}.Release|Any CPU.Build.0 = Release|Any CPU
		{4D680CCB-E7AB-4FC4-81BE-5C28C195800F}.Debug|Any CPU.ActiveCfg = Debug|Any CPU
		{4D680CCB-E7AB-4FC4-81BE-5C28C195800F}.Debug|Any CPU.Build.0 = Debug|Any CPU
		{4D680CCB-E7AB-4FC4-81BE-5C28C195800F}.Release|Any CPU.ActiveCfg = Release|Any CPU
		{4D680CCB-E7AB-4FC4-81BE-5C28C195800F}.Release|Any CPU.Build.0 = Release|Any CPU
		{8EE016CD-CC21-4236-9AA1-A4DC35B776D1}.Debug|Any CPU.ActiveCfg = Debug|Any CPU
		{8EE016CD-CC21-4236-9AA1-A4DC35B776D1}.Debug|Any CPU.Build.0 = Debug|Any CPU
		{8EE016CD-CC21-4236-9AA1-A4DC35B776D1}.Release|Any CPU.ActiveCfg = Release|Any CPU
		{8EE016CD-CC21-4236-9AA1-A4DC35B776D1}.Release|Any CPU.Build.0 = Release|Any CPU
	EndGlobalSection
	GlobalSection(SolutionProperties) = preSolution
		HideSolutionNode = FALSE
	EndGlobalSection
	GlobalSection(ExtensibilityGlobals) = postSolution
		SolutionGuid = {D79ADB31-B8FA-4FD8-8E8E-4D1ACDB959D7}
	EndGlobalSection
EndGlobal
